
Microsoft Visual Studio Solution File, Format Version 12.00
# Visual Studio Version 16
VisualStudioVersion = 16.0.34407.143
MinimumVisualStudioVersion = 10.0.40219.1
Project("{8BC9CEB8-8B4A-11D0-8D11-00A0C91BC942}") = "ChromaKeyDll", "ChromaKeyDll\ChromaKeyDll.vcxproj", "{3ED940C7-C73F-4B73-B04B-37380B0979E4}"
EndProject
Global
	GlobalSection(SolutionConfigurationPlatforms) = preSolution
		Debug|x64 = Debug|x64
		Debug|x86 = Debug|x86
		Release|x64 = Release|x64
		Release|x86 = Release|x86
	EndGlobalSection
	GlobalSection(ProjectConfigurationPlatforms) = postSolution
		{3ED940C7-C73F-4B73-B04B-37380B0979E4}.Debug|x64.ActiveCfg = Debug|x64
		{3ED940C7-C73F-4B73-B04B-37380B0979E4}.Debug|x64.Build.0 = Debug|x64
		{3ED940C7-C73F-4B73-B04B-37380B0979E4}.Debug|x86.ActiveCfg = Debug|Win32
		{3ED940C7-C73F-4B73-B04B-37380B0979E4}.Debug|x86.Build.0 = Debug|Win32
		{3ED940C7-C73F-4B73-B04B-37380B0979E4}.Release|x64.ActiveCfg = Release|x64
		{3ED940C7-C73F-4B73-B04B-37380B0979E4}.Release|x64.Build.0 = Release|x64
		{3ED940C7-C73F-4B73-B04B-37380B0979E4}.Release|x86.ActiveCfg = Release|Win32
		{3ED940C7-C73F-4B73-B04B-37380B0979E4}.Release|x86.Build.0 = Release|Win32
	EndGlobalSection
	GlobalSection(SolutionProperties) = preSolution
		HideSolutionNode = FALSE
	EndGlobalSection
	GlobalSection(ExtensibilityGlobals) = postSolution
		SolutionGuid = {9A4663B4-F112-411B-8B78-46707040DCB5}
	EndGlobalSection
EndGlobal
